
Microsoft Visual Studio Solution File, Format Version 12.00
# Visual Studio Version 17
VisualStudioVersion = 17.0.31903.59
MinimumVisualStudioVersion = 10.0.40219.1
Project("{FAE04EC0-301F-11D3-BF4B-00C04F79EFBC}") = "projet", "projet.csproj", "{80C164AB-C635-4F92-851C-BCDA9EAF7BA6}"
EndProject
Project("{FAE04EC0-301F-11D3-BF4B-00C04F79EFBC}") = "TestE2E", "TestE2E\TestE2E.csproj", "{126C58D8-D62F-4DBA-B212-6334BE16EAA9}"
EndProject
Global
	GlobalSection(SolutionConfigurationPlatforms) = preSolution
		Debug|Any CPU = Debug|Any CPU
		Debug|x86 = Debug|x86
		Release|Any CPU = Release|Any CPU
		Release|x86 = Release|x86
	EndGlobalSection
	GlobalSection(ProjectConfigurationPlatforms) = postSolution
		{80C164AB-C635-4F92-851C-BCDA9EAF7BA6}.Debug|Any CPU.ActiveCfg = Debug|x86
		{80C164AB-C635-4F92-851C-BCDA9EAF7BA6}.Debug|Any CPU.Build.0 = Debug|x86
		{80C164AB-C635-4F92-851C-BCDA9EAF7BA6}.Debug|x86.ActiveCfg = Debug|x86
		{80C164AB-C635-4F92-851C-BCDA9EAF7BA6}.Debug|x86.Build.0 = Debug|x86
		{80C164AB-C635-4F92-851C-BCDA9EAF7BA6}.Release|Any CPU.ActiveCfg = Release|x86
		{80C164AB-C635-4F92-851C-BCDA9EAF7BA6}.Release|Any CPU.Build.0 = Release|x86
		{80C164AB-C635-4F92-851C-BCDA9EAF7BA6}.Release|x86.ActiveCfg = Release|x86
		{80C164AB-C635-4F92-851C-BCDA9EAF7BA6}.Release|x86.Build.0 = Release|x86
		{126C58D8-D62F-4DBA-B212-6334BE16EAA9}.Debug|Any CPU.ActiveCfg = Debug|Any CPU
		{126C58D8-D62F-4DBA-B212-6334BE16EAA9}.Debug|Any CPU.Build.0 = Debug|Any CPU
		{126C58D8-D62F-4DBA-B212-6334BE16EAA9}.Debug|x86.ActiveCfg = Debug|Any CPU
		{126C58D8-D62F-4DBA-B212-6334BE16EAA9}.Debug|x86.Build.0 = Debug|Any CPU
		{126C58D8-D62F-4DBA-B212-6334BE16EAA9}.Release|Any CPU.ActiveCfg = Release|Any CPU
		{126C58D8-D62F-4DBA-B212-6334BE16EAA9}.Release|Any CPU.Build.0 = Release|Any CPU
		{126C58D8-D62F-4DBA-B212-6334BE16EAA9}.Release|x86.ActiveCfg = Release|Any CPU
		{126C58D8-D62F-4DBA-B212-6334BE16EAA9}.Release|x86.Build.0 = Release|Any CPU
	EndGlobalSection
	GlobalSection(SolutionProperties) = preSolution
		HideSolutionNode = FALSE
	EndGlobalSection
	GlobalSection(ExtensibilityGlobals) = postSolution
		SolutionGuid = {44FF76AA-4424-4FC3-9AD8-C5618A7274DB}
	EndGlobalSection
EndGlobal
